// !$*UTF8*$!
{
	archiveVersion = 1;
	classes = {
	};
	objectVersion = 46;
	objects = {

/* Begin PBXBuildFile section */
		7525988B195BB04F008ABBAE /* PdPatchArray.m in Sources */ = {isa = PBXBuildFile; fileRef = 7525988A195BB04F008ABBAE /* PdPatchArray.m */; };
		754985B7195B75FC0062D9AA /* Foundation.framework in Frameworks */ = {isa = PBXBuildFile; fileRef = 754985B6195B75FC0062D9AA /* Foundation.framework */; };
		754985B9195B75FC0062D9AA /* CoreGraphics.framework in Frameworks */ = {isa = PBXBuildFile; fileRef = 754985B8195B75FC0062D9AA /* CoreGraphics.framework */; };
		754985BB195B75FC0062D9AA /* UIKit.framework in Frameworks */ = {isa = PBXBuildFile; fileRef = 754985BA195B75FC0062D9AA /* UIKit.framework */; };
		754985C1195B75FC0062D9AA /* InfoPlist.strings in Resources */ = {isa = PBXBuildFile; fileRef = 754985BF195B75FC0062D9AA /* InfoPlist.strings */; };
		754985C3195B75FC0062D9AA /* main.m in Sources */ = {isa = PBXBuildFile; fileRef = 754985C2195B75FC0062D9AA /* main.m */; };
		754985C7195B75FC0062D9AA /* VLAppDelegate.m in Sources */ = {isa = PBXBuildFile; fileRef = 754985C6195B75FC0062D9AA /* VLAppDelegate.m */; };
		754985CA195B75FC0062D9AA /* Main.storyboard in Resources */ = {isa = PBXBuildFile; fileRef = 754985C8195B75FC0062D9AA /* Main.storyboard */; };
		754985CD195B75FC0062D9AA /* VLViewController.m in Sources */ = {isa = PBXBuildFile; fileRef = 754985CC195B75FC0062D9AA /* VLViewController.m */; };
		754985CF195B75FC0062D9AA /* Images.xcassets in Resources */ = {isa = PBXBuildFile; fileRef = 754985CE195B75FC0062D9AA /* Images.xcassets */; };
		754985D6195B75FD0062D9AA /* XCTest.framework in Frameworks */ = {isa = PBXBuildFile; fileRef = 754985D5195B75FD0062D9AA /* XCTest.framework */; };
		754985D7195B75FD0062D9AA /* Foundation.framework in Frameworks */ = {isa = PBXBuildFile; fileRef = 754985B6195B75FC0062D9AA /* Foundation.framework */; };
		754985D8195B75FD0062D9AA /* UIKit.framework in Frameworks */ = {isa = PBXBuildFile; fileRef = 754985BA195B75FC0062D9AA /* UIKit.framework */; };
		754985E0195B75FD0062D9AA /* InfoPlist.strings in Resources */ = {isa = PBXBuildFile; fileRef = 754985DE195B75FD0062D9AA /* InfoPlist.strings */; };
		754985E2195B75FD0062D9AA /* VanillaLooperTests.m in Sources */ = {isa = PBXBuildFile; fileRef = 754985E1195B75FD0062D9AA /* VanillaLooperTests.m */; };
		754985F9195B774E0062D9AA /* libpd-ios.a in Frameworks */ = {isa = PBXBuildFile; fileRef = 754985F1195B763D0062D9AA /* libpd-ios.a */; };
		754985FC195B774F0062D9AA /* AudioToolbox.framework in Frameworks */ = {isa = PBXBuildFile; fileRef = 754985FA195B774F0062D9AA /* AudioToolbox.framework */; };
		754985FD195B774F0062D9AA /* AVFoundation.framework in Frameworks */ = {isa = PBXBuildFile; fileRef = 754985FB195B774F0062D9AA /* AVFoundation.framework */; };
		75498606195B7B580062D9AA /* LooperGUI1.3.pd in Resources */ = {isa = PBXBuildFile; fileRef = 75498604195B7B580062D9AA /* LooperGUI1.3.pd */; };
		75498607195B7B580062D9AA /* LooperVanilla1.21.pd in Resources */ = {isa = PBXBuildFile; fileRef = 75498605195B7B580062D9AA /* LooperVanilla1.21.pd */; };
/* End PBXBuildFile section */

/* Begin PBXContainerItemProxy section */
		754985D9195B75FD0062D9AA /* PBXContainerItemProxy */ = {
			isa = PBXContainerItemProxy;
			containerPortal = 754985AB195B75FC0062D9AA /* Project object */;
			proxyType = 1;
			remoteGlobalIDString = 754985B2195B75FC0062D9AA;
			remoteInfo = VanillaLooper;
		};
		754985F0195B763D0062D9AA /* PBXContainerItemProxy */ = {
			isa = PBXContainerItemProxy;
			containerPortal = 754985EB195B763D0062D9AA /* libpd.xcodeproj */;
			proxyType = 2;
			remoteGlobalIDString = D2AAC07E0554694100DB518D;
			remoteInfo = "libpd-ios";
		};
		754985F2195B763D0062D9AA /* PBXContainerItemProxy */ = {
			isa = PBXContainerItemProxy;
			containerPortal = 754985EB195B763D0062D9AA /* libpd.xcodeproj */;
			proxyType = 2;
			remoteGlobalIDString = 119013AB1486450C00086F19;
			remoteInfo = "libpd-osx";
		};
		754985F7195B773D0062D9AA /* PBXContainerItemProxy */ = {
			isa = PBXContainerItemProxy;
			containerPortal = 754985EB195B763D0062D9AA /* libpd.xcodeproj */;
			proxyType = 1;
			remoteGlobalIDString = D2AAC07D0554694100DB518D;
			remoteInfo = "libpd-ios";
		};
/* End PBXContainerItemProxy section */

/* Begin PBXFileReference section */
		75259889195BB04F008ABBAE /* PdPatchArray.h */ = {isa = PBXFileReference; fileEncoding = 4; lastKnownFileType = sourcecode.c.h; name = PdPatchArray.h; path = ../PdPatchArray.h; sourceTree = "<group>"; };
		7525988A195BB04F008ABBAE /* PdPatchArray.m */ = {isa = PBXFileReference; fileEncoding = 4; lastKnownFileType = sourcecode.c.objc; name = PdPatchArray.m; path = ../PdPatchArray.m; sourceTree = "<group>"; };
		754985B3195B75FC0062D9AA /* VanillaLooper.app */ = {isa = PBXFileReference; explicitFileType = wrapper.application; includeInIndex = 0; path = VanillaLooper.app; sourceTree = BUILT_PRODUCTS_DIR; };
		754985B6195B75FC0062D9AA /* Foundation.framework */ = {isa = PBXFileReference; lastKnownFileType = wrapper.framework; name = Foundation.framework; path = System/Library/Frameworks/Foundation.framework; sourceTree = SDKROOT; };
		754985B8195B75FC0062D9AA /* CoreGraphics.framework */ = {isa = PBXFileReference; lastKnownFileType = wrapper.framework; name = CoreGraphics.framework; path = System/Library/Frameworks/CoreGraphics.framework; sourceTree = SDKROOT; };
		754985BA195B75FC0062D9AA /* UIKit.framework */ = {isa = PBXFileReference; lastKnownFileType = wrapper.framework; name = UIKit.framework; path = System/Library/Frameworks/UIKit.framework; sourceTree = SDKROOT; };
		754985BE195B75FC0062D9AA /* VanillaLooper-Info.plist */ = {isa = PBXFileReference; lastKnownFileType = text.plist.xml; path = "VanillaLooper-Info.plist"; sourceTree = "<group>"; };
		754985C0195B75FC0062D9AA /* en */ = {isa = PBXFileReference; lastKnownFileType = text.plist.strings; name = en; path = en.lproj/InfoPlist.strings; sourceTree = "<group>"; };
		754985C2195B75FC0062D9AA /* main.m */ = {isa = PBXFileReference; lastKnownFileType = sourcecode.c.objc; path = main.m; sourceTree = "<group>"; };
		754985C4195B75FC0062D9AA /* VanillaLooper-Prefix.pch */ = {isa = PBXFileReference; lastKnownFileType = sourcecode.c.h; path = "VanillaLooper-Prefix.pch"; sourceTree = "<group>"; };
		754985C5195B75FC0062D9AA /* VLAppDelegate.h */ = {isa = PBXFileReference; lastKnownFileType = sourcecode.c.h; path = VLAppDelegate.h; sourceTree = "<group>"; };
		754985C6195B75FC0062D9AA /* VLAppDelegate.m */ = {isa = PBXFileReference; lastKnownFileType = sourcecode.c.objc; path = VLAppDelegate.m; sourceTree = "<group>"; };
		754985C9195B75FC0062D9AA /* Base */ = {isa = PBXFileReference; lastKnownFileType = file.storyboard; name = Base; path = Base.lproj/Main.storyboard; sourceTree = "<group>"; };
		754985CB195B75FC0062D9AA /* VLViewController.h */ = {isa = PBXFileReference; lastKnownFileType = sourcecode.c.h; path = VLViewController.h; sourceTree = "<group>"; };
		754985CC195B75FC0062D9AA /* VLViewController.m */ = {isa = PBXFileReference; lastKnownFileType = sourcecode.c.objc; path = VLViewController.m; sourceTree = "<group>"; };
		754985CE195B75FC0062D9AA /* Images.xcassets */ = {isa = PBXFileReference; lastKnownFileType = folder.assetcatalog; path = Images.xcassets; sourceTree = "<group>"; };
		754985D4195B75FD0062D9AA /* VanillaLooperTests.xctest */ = {isa = PBXFileReference; explicitFileType = wrapper.cfbundle; includeInIndex = 0; path = VanillaLooperTests.xctest; sourceTree = BUILT_PRODUCTS_DIR; };
		754985D5195B75FD0062D9AA /* XCTest.framework */ = {isa = PBXFileReference; lastKnownFileType = wrapper.framework; name = XCTest.framework; path = Library/Frameworks/XCTest.framework; sourceTree = DEVELOPER_DIR; };
		754985DD195B75FD0062D9AA /* VanillaLooperTests-Info.plist */ = {isa = PBXFileReference; lastKnownFileType = text.plist.xml; path = "VanillaLooperTests-Info.plist"; sourceTree = "<group>"; };
		754985DF195B75FD0062D9AA /* en */ = {isa = PBXFileReference; lastKnownFileType = text.plist.strings; name = en; path = en.lproj/InfoPlist.strings; sourceTree = "<group>"; };
		754985E1195B75FD0062D9AA /* VanillaLooperTests.m */ = {isa = PBXFileReference; lastKnownFileType = sourcecode.c.objc; path = VanillaLooperTests.m; sourceTree = "<group>"; };
		754985EB195B763D0062D9AA /* libpd.xcodeproj */ = {isa = PBXFileReference; lastKnownFileType = "wrapper.pb-project"; name = libpd.xcodeproj; path = "../../pd-for-ios/libpd/libpd.xcodeproj"; sourceTree = "<group>"; };
		754985FA195B774F0062D9AA /* AudioToolbox.framework */ = {isa = PBXFileReference; lastKnownFileType = wrapper.framework; name = AudioToolbox.framework; path = System/Library/Frameworks/AudioToolbox.framework; sourceTree = SDKROOT; };
		754985FB195B774F0062D9AA /* AVFoundation.framework */ = {isa = PBXFileReference; lastKnownFileType = wrapper.framework; name = AVFoundation.framework; path = System/Library/Frameworks/AVFoundation.framework; sourceTree = SDKROOT; };
		75498604195B7B580062D9AA /* LooperGUI1.3.pd */ = {isa = PBXFileReference; fileEncoding = 4; lastKnownFileType = text; path = LooperGUI1.3.pd; sourceTree = "<group>"; };
		75498605195B7B580062D9AA /* LooperVanilla1.21.pd */ = {isa = PBXFileReference; fileEncoding = 4; lastKnownFileType = text; path = LooperVanilla1.21.pd; sourceTree = "<group>"; };
/* End PBXFileReference section */

/* Begin PBXFrameworksBuildPhase section */
		754985B0195B75FC0062D9AA /* Frameworks */ = {
			isa = PBXFrameworksBuildPhase;
			buildActionMask = 2147483647;
			files = (
				754985F9195B774E0062D9AA /* libpd-ios.a in Frameworks */,
				754985FC195B774F0062D9AA /* AudioToolbox.framework in Frameworks */,
				754985FD195B774F0062D9AA /* AVFoundation.framework in Frameworks */,
				754985B9195B75FC0062D9AA /* CoreGraphics.framework in Frameworks */,
				754985BB195B75FC0062D9AA /* UIKit.framework in Frameworks */,
				754985B7195B75FC0062D9AA /* Foundation.framework in Frameworks */,
			);
			runOnlyForDeploymentPostprocessing = 0;
		};
		754985D1195B75FD0062D9AA /* Frameworks */ = {
			isa = PBXFrameworksBuildPhase;
			buildActionMask = 2147483647;
			files = (
				754985D6195B75FD0062D9AA /* XCTest.framework in Frameworks */,
				754985D8195B75FD0062D9AA /* UIKit.framework in Frameworks */,
				754985D7195B75FD0062D9AA /* Foundation.framework in Frameworks */,
			);
			runOnlyForDeploymentPostprocessing = 0;
		};
/* End PBXFrameworksBuildPhase section */

/* Begin PBXGroup section */
		754985AA195B75FC0062D9AA = {
			isa = PBXGroup;
			children = (
				754985EB195B763D0062D9AA /* libpd.xcodeproj */,
				754985BC195B75FC0062D9AA /* VanillaLooper */,
				754985DB195B75FD0062D9AA /* VanillaLooperTests */,
				754985B5195B75FC0062D9AA /* Frameworks */,
				754985B4195B75FC0062D9AA /* Products */,
			);
			sourceTree = "<group>";
		};
		754985B4195B75FC0062D9AA /* Products */ = {
			isa = PBXGroup;
			children = (
				754985B3195B75FC0062D9AA /* VanillaLooper.app */,
				754985D4195B75FD0062D9AA /* VanillaLooperTests.xctest */,
			);
			name = Products;
			sourceTree = "<group>";
		};
		754985B5195B75FC0062D9AA /* Frameworks */ = {
			isa = PBXGroup;
			children = (
				754985FA195B774F0062D9AA /* AudioToolbox.framework */,
				754985FB195B774F0062D9AA /* AVFoundation.framework */,
				754985B6195B75FC0062D9AA /* Foundation.framework */,
				754985B8195B75FC0062D9AA /* CoreGraphics.framework */,
				754985BA195B75FC0062D9AA /* UIKit.framework */,
				754985D5195B75FD0062D9AA /* XCTest.framework */,
			);
			name = Frameworks;
			sourceTree = "<group>";
		};
		754985BC195B75FC0062D9AA /* VanillaLooper */ = {
			isa = PBXGroup;
			children = (
				754985C5195B75FC0062D9AA /* VLAppDelegate.h */,
				754985C6195B75FC0062D9AA /* VLAppDelegate.m */,
				754985C8195B75FC0062D9AA /* Main.storyboard */,
				754985CB195B75FC0062D9AA /* VLViewController.h */,
				754985CC195B75FC0062D9AA /* VLViewController.m */,
				75259889195BB04F008ABBAE /* PdPatchArray.h */,
				7525988A195BB04F008ABBAE /* PdPatchArray.m */,
				754985CE195B75FC0062D9AA /* Images.xcassets */,
				75498603195B7B580062D9AA /* patch */,
				754985BD195B75FC0062D9AA /* Supporting Files */,
			);
			path = VanillaLooper;
			sourceTree = "<group>";
		};
		754985BD195B75FC0062D9AA /* Supporting Files */ = {
			isa = PBXGroup;
			children = (
				754985BE195B75FC0062D9AA /* VanillaLooper-Info.plist */,
				754985BF195B75FC0062D9AA /* InfoPlist.strings */,
				754985C2195B75FC0062D9AA /* main.m */,
				754985C4195B75FC0062D9AA /* VanillaLooper-Prefix.pch */,
			);
			name = "Supporting Files";
			sourceTree = "<group>";
		};
		754985DB195B75FD0062D9AA /* VanillaLooperTests */ = {
			isa = PBXGroup;
			children = (
				754985E1195B75FD0062D9AA /* VanillaLooperTests.m */,
				754985DC195B75FD0062D9AA /* Supporting Files */,
			);
			path = VanillaLooperTests;
			sourceTree = "<group>";
		};
		754985DC195B75FD0062D9AA /* Supporting Files */ = {
			isa = PBXGroup;
			children = (
				754985DD195B75FD0062D9AA /* VanillaLooperTests-Info.plist */,
				754985DE195B75FD0062D9AA /* InfoPlist.strings */,
			);
			name = "Supporting Files";
			sourceTree = "<group>";
		};
		754985EC195B763D0062D9AA /* Products */ = {
			isa = PBXGroup;
			children = (
				754985F1195B763D0062D9AA /* libpd-ios.a */,
				754985F3195B763D0062D9AA /* libpd-osx.a */,
			);
			name = Products;
			sourceTree = "<group>";
		};
		75498603195B7B580062D9AA /* patch */ = {
			isa = PBXGroup;
			children = (
				75498604195B7B580062D9AA /* LooperGUI1.3.pd */,
				75498605195B7B580062D9AA /* LooperVanilla1.21.pd */,
			);
			path = patch;
			sourceTree = "<group>";
		};
/* End PBXGroup section */

/* Begin PBXNativeTarget section */
		754985B2195B75FC0062D9AA /* VanillaLooper */ = {
			isa = PBXNativeTarget;
			buildConfigurationList = 754985E5195B75FD0062D9AA /* Build configuration list for PBXNativeTarget "VanillaLooper" */;
			buildPhases = (
				754985AF195B75FC0062D9AA /* Sources */,
				754985B0195B75FC0062D9AA /* Frameworks */,
				754985B1195B75FC0062D9AA /* Resources */,
			);
			buildRules = (
			);
			dependencies = (
				754985F8195B773D0062D9AA /* PBXTargetDependency */,
			);
			name = VanillaLooper;
			productName = VanillaLooper;
			productReference = 754985B3195B75FC0062D9AA /* VanillaLooper.app */;
			productType = "com.apple.product-type.application";
		};
		754985D3195B75FD0062D9AA /* VanillaLooperTests */ = {
			isa = PBXNativeTarget;
			buildConfigurationList = 754985E8195B75FD0062D9AA /* Build configuration list for PBXNativeTarget "VanillaLooperTests" */;
			buildPhases = (
				754985D0195B75FD0062D9AA /* Sources */,
				754985D1195B75FD0062D9AA /* Frameworks */,
				754985D2195B75FD0062D9AA /* Resources */,
			);
			buildRules = (
			);
			dependencies = (
				754985DA195B75FD0062D9AA /* PBXTargetDependency */,
			);
			name = VanillaLooperTests;
			productName = VanillaLooperTests;
			productReference = 754985D4195B75FD0062D9AA /* VanillaLooperTests.xctest */;
			productType = "com.apple.product-type.bundle.unit-test";
		};
/* End PBXNativeTarget section */

/* Begin PBXProject section */
		754985AB195B75FC0062D9AA /* Project object */ = {
			isa = PBXProject;
			attributes = {
				CLASSPREFIX = VL;
				LastUpgradeCheck = 0510;
				ORGANIZATIONNAME = Coco;
				TargetAttributes = {
					754985D3195B75FD0062D9AA = {
						TestTargetID = 754985B2195B75FC0062D9AA;
					};
				};
			};
			buildConfigurationList = 754985AE195B75FC0062D9AA /* Build configuration list for PBXProject "VanillaLooper" */;
			compatibilityVersion = "Xcode 3.2";
			developmentRegion = English;
			hasScannedForEncodings = 0;
			knownRegions = (
				en,
				Base,
			);
			mainGroup = 754985AA195B75FC0062D9AA;
			productRefGroup = 754985B4195B75FC0062D9AA /* Products */;
			projectDirPath = "";
			projectReferences = (
				{
					ProductGroup = 754985EC195B763D0062D9AA /* Products */;
					ProjectRef = 754985EB195B763D0062D9AA /* libpd.xcodeproj */;
				},
			);
			projectRoot = "";
			targets = (
				754985B2195B75FC0062D9AA /* VanillaLooper */,
				754985D3195B75FD0062D9AA /* VanillaLooperTests */,
			);
		};
/* End PBXProject section */

/* Begin PBXReferenceProxy section */
		754985F1195B763D0062D9AA /* libpd-ios.a */ = {
			isa = PBXReferenceProxy;
			fileType = archive.ar;
			path = "libpd-ios.a";
			remoteRef = 754985F0195B763D0062D9AA /* PBXContainerItemProxy */;
			sourceTree = BUILT_PRODUCTS_DIR;
		};
		754985F3195B763D0062D9AA /* libpd-osx.a */ = {
			isa = PBXReferenceProxy;
			fileType = archive.ar;
			path = "libpd-osx.a";
			remoteRef = 754985F2195B763D0062D9AA /* PBXContainerItemProxy */;
			sourceTree = BUILT_PRODUCTS_DIR;
		};
/* End PBXReferenceProxy section */

/* Begin PBXResourcesBuildPhase section */
		754985B1195B75FC0062D9AA /* Resources */ = {
			isa = PBXResourcesBuildPhase;
			buildActionMask = 2147483647;
			files = (
				754985CF195B75FC0062D9AA /* Images.xcassets in Resources */,
				75498607195B7B580062D9AA /* LooperVanilla1.21.pd in Resources */,
				75498606195B7B580062D9AA /* LooperGUI1.3.pd in Resources */,
				754985C1195B75FC0062D9AA /* InfoPlist.strings in Resources */,
				754985CA195B75FC0062D9AA /* Main.storyboard in Resources */,
			);
			runOnlyForDeploymentPostprocessing = 0;
		};
		754985D2195B75FD0062D9AA /* Resources */ = {
			isa = PBXResourcesBuildPhase;
			buildActionMask = 2147483647;
			files = (
				754985E0195B75FD0062D9AA /* InfoPlist.strings in Resources */,
			);
			runOnlyForDeploymentPostprocessing = 0;
		};
/* End PBXResourcesBuildPhase section */

/* Begin PBXSourcesBuildPhase section */
		754985AF195B75FC0062D9AA /* Sources */ = {
			isa = PBXSourcesBuildPhase;
			buildActionMask = 2147483647;
			files = (
				7525988B195BB04F008ABBAE /* PdPatchArray.m in Sources */,
				754985C7195B75FC0062D9AA /* VLAppDelegate.m in Sources */,
				754985CD195B75FC0062D9AA /* VLViewController.m in Sources */,
				754985C3195B75FC0062D9AA /* main.m in Sources */,
			);
			runOnlyForDeploymentPostprocessing = 0;
		};
		754985D0195B75FD0062D9AA /* Sources */ = {
			isa = PBXSourcesBuildPhase;
			buildActionMask = 2147483647;
			files = (
				754985E2195B75FD0062D9AA /* VanillaLooperTests.m in Sources */,
			);
			runOnlyForDeploymentPostprocessing = 0;
		};
/* End PBXSourcesBuildPhase section */

/* Begin PBXTargetDependency section */
		754985DA195B75FD0062D9AA /* PBXTargetDependency */ = {
			isa = PBXTargetDependency;
			target = 754985B2195B75FC0062D9AA /* VanillaLooper */;
			targetProxy = 754985D9195B75FD0062D9AA /* PBXContainerItemProxy */;
		};
		754985F8195B773D0062D9AA /* PBXTargetDependency */ = {
			isa = PBXTargetDependency;
			name = "libpd-ios";
			targetProxy = 754985F7195B773D0062D9AA /* PBXContainerItemProxy */;
		};
/* End PBXTargetDependency section */

/* Begin PBXVariantGroup section */
		754985BF195B75FC0062D9AA /* InfoPlist.strings */ = {
			isa = PBXVariantGroup;
			children = (
				754985C0195B75FC0062D9AA /* en */,
			);
			name = InfoPlist.strings;
			sourceTree = "<group>";
		};
		754985C8195B75FC0062D9AA /* Main.storyboard */ = {
			isa = PBXVariantGroup;
			children = (
				754985C9195B75FC0062D9AA /* Base */,
			);
			name = Main.storyboard;
			sourceTree = "<group>";
		};
		754985DE195B75FD0062D9AA /* InfoPlist.strings */ = {
			isa = PBXVariantGroup;
			children = (
				754985DF195B75FD0062D9AA /* en */,
			);
			name = InfoPlist.strings;
			sourceTree = "<group>";
		};
/* End PBXVariantGroup section */

/* Begin XCBuildConfiguration section */
		754985E3195B75FD0062D9AA /* Debug */ = {
			isa = XCBuildConfiguration;
			buildSettings = {
				ALWAYS_SEARCH_USER_PATHS = NO;
				CLANG_CXX_LANGUAGE_STANDARD = "gnu++0x";
				CLANG_CXX_LIBRARY = "libc++";
				CLANG_ENABLE_MODULES = YES;
				CLANG_ENABLE_OBJC_ARC = YES;
				CLANG_WARN_BOOL_CONVERSION = YES;
				CLANG_WARN_CONSTANT_CONVERSION = YES;
				CLANG_WARN_DIRECT_OBJC_ISA_USAGE = YES_ERROR;
				CLANG_WARN_EMPTY_BODY = YES;
				CLANG_WARN_ENUM_CONVERSION = YES;
				CLANG_WARN_INT_CONVERSION = YES;
				CLANG_WARN_OBJC_ROOT_CLASS = YES_ERROR;
				CLANG_WARN__DUPLICATE_METHOD_MATCH = YES;
				"CODE_SIGN_IDENTITY[sdk=iphoneos*]" = "iPhone Developer";
				COPY_PHASE_STRIP = NO;
				GCC_C_LANGUAGE_STANDARD = gnu99;
				GCC_DYNAMIC_NO_PIC = NO;
				GCC_OPTIMIZATION_LEVEL = 0;
				GCC_PREPROCESSOR_DEFINITIONS = (
					"DEBUG=1",
					"$(inherited)",
				);
				GCC_SYMBOLS_PRIVATE_EXTERN = NO;
				GCC_WARN_64_TO_32_BIT_CONVERSION = YES;
				GCC_WARN_ABOUT_RETURN_TYPE = YES_ERROR;
				GCC_WARN_UNDECLARED_SELECTOR = YES;
				GCC_WARN_UNINITIALIZED_AUTOS = YES_AGGRESSIVE;
				GCC_WARN_UNUSED_FUNCTION = YES;
				GCC_WARN_UNUSED_VARIABLE = YES;
				IPHONEOS_DEPLOYMENT_TARGET = 7.1;
				ONLY_ACTIVE_ARCH = YES;
				SDKROOT = iphoneos;
			};
			name = Debug;
		};
		754985E4195B75FD0062D9AA /* Release */ = {
			isa = XCBuildConfiguration;
			buildSettings = {
				ALWAYS_SEARCH_USER_PATHS = NO;
				CLANG_CXX_LANGUAGE_STANDARD = "gnu++0x";
				CLANG_CXX_LIBRARY = "libc++";
				CLANG_ENABLE_MODULES = YES;
				CLANG_ENABLE_OBJC_ARC = YES;
				CLANG_WARN_BOOL_CONVERSION = YES;
				CLANG_WARN_CONSTANT_CONVERSION = YES;
				CLANG_WARN_DIRECT_OBJC_ISA_USAGE = YES_ERROR;
				CLANG_WARN_EMPTY_BODY = YES;
				CLANG_WARN_ENUM_CONVERSION = YES;
				CLANG_WARN_INT_CONVERSION = YES;
				CLANG_WARN_OBJC_ROOT_CLASS = YES_ERROR;
				CLANG_WARN__DUPLICATE_METHOD_MATCH = YES;
				"CODE_SIGN_IDENTITY[sdk=iphoneos*]" = "iPhone Developer";
				COPY_PHASE_STRIP = YES;
				ENABLE_NS_ASSERTIONS = NO;
				GCC_C_LANGUAGE_STANDARD = gnu99;
				GCC_WARN_64_TO_32_BIT_CONVERSION = YES;
				GCC_WARN_ABOUT_RETURN_TYPE = YES_ERROR;
				GCC_WARN_UNDECLARED_SELECTOR = YES;
				GCC_WARN_UNINITIALIZED_AUTOS = YES_AGGRESSIVE;
				GCC_WARN_UNUSED_FUNCTION = YES;
				GCC_WARN_UNUSED_VARIABLE = YES;
				IPHONEOS_DEPLOYMENT_TARGET = 7.1;
				SDKROOT = iphoneos;
				VALIDATE_PRODUCT = YES;
			};
			name = Release;
		};
		754985E6195B75FD0062D9AA /* Debug */ = {
			isa = XCBuildConfiguration;
			buildSettings = {
				ASSETCATALOG_COMPILER_APPICON_NAME = AppIcon;
				ASSETCATALOG_COMPILER_LAUNCHIMAGE_NAME = LaunchImage;
				GCC_PRECOMPILE_PREFIX_HEADER = YES;
				GCC_PREFIX_HEADER = "VanillaLooper/VanillaLooper-Prefix.pch";
				INFOPLIST_FILE = "VanillaLooper/VanillaLooper-Info.plist";
				PRODUCT_NAME = "$(TARGET_NAME)";
				USER_HEADER_SEARCH_PATHS = "/Users/egiraldo23/Desktop/pd-for-ios/libpd/**";
				WRAPPER_EXTENSION = app;
			};
			name = Debug;
		};
		754985E7195B75FD0062D9AA /* Release */ = {
			isa = XCBuildConfiguration;
			buildSettings = {
				ASSETCATALOG_COMPILER_APPICON_NAME = AppIcon;
				ASSETCATALOG_COMPILER_LAUNCHIMAGE_NAME = LaunchImage;
				GCC_PRECOMPILE_PREFIX_HEADER = YES;
				GCC_PREFIX_HEADER = "VanillaLooper/VanillaLooper-Prefix.pch";
				INFOPLIST_FILE = "VanillaLooper/VanillaLooper-Info.plist";
				PRODUCT_NAME = "$(TARGET_NAME)";
				USER_HEADER_SEARCH_PATHS = "/Users/egiraldo23/Desktop/pd-for-ios/libpd/**";
				WRAPPER_EXTENSION = app;
			};
			name = Release;
		};
		754985E9195B75FD0062D9AA /* Debug */ = {
			isa = XCBuildConfiguration;
			buildSettings = {
				BUNDLE_LOADER = "$(BUILT_PRODUCTS_DIR)/VanillaLooper.app/VanillaLooper";
				FRAMEWORK_SEARCH_PATHS = (
					"$(SDKROOT)/Developer/Library/Frameworks",
					"$(inherited)",
					"$(DEVELOPER_FRAMEWORKS_DIR)",
				);
				GCC_PRECOMPILE_PREFIX_HEADER = YES;
				GCC_PREFIX_HEADER = "VanillaLooper/VanillaLooper-Prefix.pch";
				GCC_PREPROCESSOR_DEFINITIONS = (
					"DEBUG=1",
					"$(inherited)",
				);
				INFOPLIST_FILE = "VanillaLooperTests/VanillaLooperTests-Info.plist";
				PRODUCT_NAME = "$(TARGET_NAME)";
				TEST_HOST = "$(BUNDLE_LOADER)";
				WRAPPER_EXTENSION = xctest;
			};
			name = Debug;
		};
		754985EA195B75FD0062D9AA /* Release */ = {
			isa = XCBuildConfiguration;
			buildSettings = {
				BUNDLE_LOADER = "$(BUILT_PRODUCTS_DIR)/VanillaLooper.app/VanillaLooper";
				FRAMEWORK_SEARCH_PATHS = (
					"$(SDKROOT)/Developer/Library/Frameworks",
					"$(inherited)",
					"$(DEVELOPER_FRAMEWORKS_DIR)",
				);
				GCC_PRECOMPILE_PREFIX_HEADER = YES;
				GCC_PREFIX_HEADER = "VanillaLooper/VanillaLooper-Prefix.pch";
				INFOPLIST_FILE = "VanillaLooperTests/VanillaLooperTests-Info.plist";
				PRODUCT_NAME = "$(TARGET_NAME)";
				TEST_HOST = "$(BUNDLE_LOADER)";
				WRAPPER_EXTENSION = xctest;
			};
			name = Release;
		};
/* End XCBuildConfiguration section */

/* Begin XCConfigurationList section */
		754985AE195B75FC0062D9AA /* Build configuration list for PBXProject "VanillaLooper" */ = {
			isa = XCConfigurationList;
			buildConfigurations = (
				754985E3195B75FD0062D9AA /* Debug */,
				754985E4195B75FD0062D9AA /* Release */,
			);
			defaultConfigurationIsVisible = 0;
			defaultConfigurationName = Release;
		};
		754985E5195B75FD0062D9AA /* Build configuration list for PBXNativeTarget "VanillaLooper" */ = {
			isa = XCConfigurationList;
			buildConfigurations = (
				754985E6195B75FD0062D9AA /* Debug */,
				754985E7195B75FD0062D9AA /* Release */,
			);
			defaultConfigurationIsVisible = 0;
			defaultConfigurationName = Release;
		};
		754985E8195B75FD0062D9AA /* Build configuration list for PBXNativeTarget "VanillaLooperTests" */ = {
			isa = XCConfigurationList;
			buildConfigurations = (
				754985E9195B75FD0062D9AA /* Debug */,
				754985EA195B75FD0062D9AA /* Release */,
			);
			defaultConfigurationIsVisible = 0;
			defaultConfigurationName = Release;
		};
/* End XCConfigurationList section */
	};
	rootObject = 754985AB195B75FC0062D9AA /* Project object */;
}
